{
  "requires": true,
  "lockfileVersion": 1,
  "dependencies": {
    "chialab-ajax": {
      "version": "1.3.0",
      "resolved": "https://registry.npmjs.org/chialab-ajax/-/chialab-ajax-1.3.0.tgz",
      "integrity": "sha1-SmhShOGXl9YPfw9DrQe1KkmmsM4="
    },
    "chialab-gestures": {
      "version": "1.1.0",
      "resolved": "https://registry.npmjs.org/chialab-gestures/-/chialab-gestures-1.1.0.tgz",
      "integrity": "sha1-vC4BeAGk/AMXZIRsYoFQbwbvlnk="
    },
    "chialab-sidenav": {
      "version": "1.2.1",
      "resolved": "https://registry.npmjs.org/chialab-sidenav/-/chialab-sidenav-1.2.1.tgz",
      "integrity": "sha1-OP7c/IGRilsjpW0zuLqbCpg4bpI=",
      "requires": {
        "chialab-gestures": "^1.1.0",
        "dna-components": "^1.5.0"
      }
    },
    "dna-components": {
      "version": "1.5.2",
      "resolved": "https://registry.npmjs.org/dna-components/-/dna-components-1.5.2.tgz",
      "integrity": "sha1-zcI95HJIFrRGC+qMQHCMm6fAyrM=",
      "requires": {
        "chialab-ajax": "^1.2.0"
      }
    }
  }
}
